
Microsoft Visual Studio Solution File, Format Version 12.00
# Visual Studio Version 16
VisualStudioVersion = 16.0.30320.27
MinimumVisualStudioVersion = 10.0.40219.1
Project("{FAE04EC0-301F-11D3-BF4B-00C04F79EFBC}") = "Pythagoras", "Pythagoras\Pythagoras.csproj", "{8023C727-CCC3-4C52-9B73-BB0A38598627}"
EndProject
Global
	GlobalSection(SolutionConfigurationPlatforms) = preSolution
		Debug|Any CPU = Debug|Any CPU
		Release|Any CPU = Release|Any CPU
	EndGlobalSection
	GlobalSection(ProjectConfigurationPlatforms) = postSolution
		{8023C727-CCC3-4C52-9B73-BB0A38598627}.Debug|Any CPU.ActiveCfg = Debug|Any CPU
		{8023C727-CCC3-4C52-9B73-BB0A38598627}.Debug|Any CPU.Build.0 = Debug|Any CPU
		{8023C727-CCC3-4C52-9B73-BB0A38598627}.Release|Any CPU.ActiveCfg = Release|Any CPU
		{8023C727-CCC3-4C52-9B73-BB0A38598627}.Release|Any CPU.Build.0 = Release|Any CPU
	EndGlobalSection
	GlobalSection(SolutionProperties) = preSolution
		HideSolutionNode = FALSE
	EndGlobalSection
	GlobalSection(ExtensibilityGlobals) = postSolution
		SolutionGuid = {642C23AB-0817-4060-A89E-0234ECDAB008}
	EndGlobalSection
EndGlobal
